
Microsoft Visual Studio Solution File, Format Version 12.00
# Visual Studio Version 16
VisualStudioVersion = 16.0.30204.135
MinimumVisualStudioVersion = 10.0.40219.1
Project("{FAE04EC0-301F-11D3-BF4B-00C04F79EFBC}") = "AmalCollections", "AmalCollections\AmalCollections.csproj", "{56AA0C61-C304-4BCD-AF65-FFE83522A961}"
EndProject
Global
	GlobalSection(SolutionConfigurationPlatforms) = preSolution
		Debug|Any CPU = Debug|Any CPU
		Release|Any CPU = Release|Any CPU
	EndGlobalSection
	GlobalSection(ProjectConfigurationPlatforms) = postSolution
		{56AA0C61-C304-4BCD-AF65-FFE83522A961}.Debug|Any CPU.ActiveCfg = Debug|Any CPU
		{56AA0C61-C304-4BCD-AF65-FFE83522A961}.Debug|Any CPU.Build.0 = Debug|Any CPU
		{56AA0C61-C304-4BCD-AF65-FFE83522A961}.Release|Any CPU.ActiveCfg = Release|Any CPU
		{56AA0C61-C304-4BCD-AF65-FFE83522A961}.Release|Any CPU.Build.0 = Release|Any CPU
	EndGlobalSection
	GlobalSection(SolutionProperties) = preSolution
		HideSolutionNode = FALSE
	EndGlobalSection
	GlobalSection(ExtensibilityGlobals) = postSolution
		SolutionGuid = {6319B696-8AE2-42FE-9DD7-F3EF9E70B626}
	EndGlobalSection
EndGlobal
